<?xml version="1.0" encoding="utf-8"?>
<Project ToolsVersion="4.0" xmlns="http://schemas.microsoft.com/developer/msbuild/2003">
  <ItemGroup>
    <Filter Include="Assets">
      <UniqueIdentifier>cbb9ce9c-87a2-46c8-b755-2c80b399cb74</UniqueIdentifier>
      <Extensions>ico;cur;bmp;dds;dlg;fbx;rct;bin;rgs;gif;jpg;jpeg;jpe;resx;tga;tiff;tif;png;wav;mfcribbon-ms</Extensions>
    </Filter>
    <Filter Include="pch">
      <UniqueIdentifier>{c7d7d095-0c2c-4b7b-96b9-700eab1a0b22}</UniqueIdentifier>
    </Filter>
    <Filter Include="Game">
      <UniqueIdentifier>{0547b5e1-928d-44a2-bf28-33b3a5944d16}</UniqueIdentifier>
    </Filter>
    <Filter Include="Framework">
      <UniqueIdentifier>{456606c3-8c98-4f2e-afba-88b00e300d51}</UniqueIdentifier>
    </Filter>
    <Filter Include="Game\Field">
      <UniqueIdentifier>{8b26e416-b95f-4651-843f-7c80ea3d0292}</UniqueIdentifier>
    </Filter>
    <Filter Include="Game\Camera">
      <UniqueIdentifier>{f8c123b2-be52-42e4-8bf9-5f6258d06dbf}</UniqueIdentifier>
    </Filter>
    <Filter Include="Game\Scene">
      <UniqueIdentifier>{00948bf6-4ead-40b9-876b-3e63f482983b}</UniqueIdentifier>
    </Filter>
    <Filter Include="Game\Collision">
      <UniqueIdentifier>{69626ec8-61e9-4f50-baf3-211e61961de8}</UniqueIdentifier>
    </Filter>
    <Filter Include="Game\Command">
      <UniqueIdentifier>{9a0eadae-73bd-4bc6-9511-961f906a3b7f}</UniqueIdentifier>
    </Filter>
    <Filter Include="Utils">
      <UniqueIdentifier>{ee61a34d-c016-451a-ad4c-a0dd3cb8ddb3}</UniqueIdentifier>
    </Filter>
    <Filter Include="Utils\Json">
      <UniqueIdentifier>{b932f234-0c6e-44da-884c-c70e97556e88}</UniqueIdentifier>
    </Filter>
    <Filter Include="Game\Load">
      <UniqueIdentifier>{d12d5140-74bf-4c2b-8bc4-1f1bc124e172}</UniqueIdentifier>
    </Filter>
    <Filter Include="Utils\Resource">
      <UniqueIdentifier>{a8f0914d-a87a-4af0-91f5-771c188b541a}</UniqueIdentifier>
    </Filter>
    <Filter Include="Utils\UI">
      <UniqueIdentifier>{4cfa10d9-858b-4016-964a-91fab4b0db5f}</UniqueIdentifier>
    </Filter>
    <Filter Include="Game\UI">
      <UniqueIdentifier>{64cf1422-e294-4ca7-bcf0-964e831de46f}</UniqueIdentifier>
    </Filter>
    <Filter Include="Assets\Shader">
      <UniqueIdentifier>{16a16d43-0583-4661-8516-185028f8ef03}</UniqueIdentifier>
    </Filter>
    <Filter Include="Assets\Jsons">
      <UniqueIdentifier>{af038f85-a652-424e-906d-a4cd73af81f3}</UniqueIdentifier>
    </Filter>
    <Filter Include="Game\Parameters">
      <UniqueIdentifier>{be7d3ff3-0a63-4cf7-a0e1-ec78d9bb61f3}</UniqueIdentifier>
    </Filter>
    <Filter Include="Utils\Fuzzy">
      <UniqueIdentifier>{d71d10c2-9c18-4165-a60b-8b64468196e1}</UniqueIdentifier>
    </Filter>
    <Filter Include="Game\Fuzzy">
      <UniqueIdentifier>{7d81c0fc-d38e-4b96-9751-84f93e6eeb65}</UniqueIdentifier>
    </Filter>
    <Filter Include="Game\Element">
      <UniqueIdentifier>{82de2fab-2e37-47ca-b888-4aae89aa8233}</UniqueIdentifier>
    </Filter>
    <Filter Include="Game\Effect">
      <UniqueIdentifier>{9a5a2034-765a-4da0-bb76-962875244c12}</UniqueIdentifier>
    </Filter>
    <Filter Include="Game\Effect\Emmiter">
      <UniqueIdentifier>{352f4931-aed6-4684-847f-11dac4a5ee4a}</UniqueIdentifier>
    </Filter>
    <Filter Include="Game\Effect\Effect">
      <UniqueIdentifier>{3a583a9a-2d53-471e-bfae-0f7fe5c0035c}</UniqueIdentifier>
    </Filter>
    <Filter Include="Game\Magic">
      <UniqueIdentifier>{be172b32-fe44-4e85-9fd4-7c77efbd196b}</UniqueIdentifier>
    </Filter>
    <Filter Include="Game\Magic\Shooter">
      <UniqueIdentifier>{f0eea573-7ca5-456d-8175-7ee9994a1540}</UniqueIdentifier>
    </Filter>
    <Filter Include="Game\Magic\Magic">
      <UniqueIdentifier>{389a2334-26dc-4e3b-8653-11c1ae8e784f}</UniqueIdentifier>
    </Filter>
    <Filter Include="Game\Player">
      <UniqueIdentifier>{4ab63e9c-e51a-4ba1-922b-d905daed3fd8}</UniqueIdentifier>
    </Filter>
    <Filter Include="Game\Object">
      <UniqueIdentifier>{4bb48832-8494-452a-a067-e3b794838c8c}</UniqueIdentifier>
    </Filter>
    <Filter Include="Game\Scene\ShareData">
      <UniqueIdentifier>{156c1b32-911c-4610-9f5f-8a9f3e1910db}</UniqueIdentifier>
    </Filter>
  </ItemGroup>
  <ItemGroup>
    <Image Include="directx.ico">
      <Filter>Assets</Filter>
    </Image>
  </ItemGroup>
  <ItemGroup>
    <Manifest Include="settings.manifest">
      <Filter>Assets</Filter>
    </Manifest>
  </ItemGroup>
  <ItemGroup>
    <ClCompile Include="Main.cpp" />
    <ClCompile Include="Sources\pch\pch.cpp">
      <Filter>pch</Filter>
    </ClCompile>
    <ClCompile Include="Sources\Game\MyGame.cpp">
      <Filter>Game</Filter>
    </ClCompile>
    <ClCompile Include="Sources\Framework\Game.cpp">
      <Filter>Framework</Filter>
    </ClCompile>
    <ClCompile Include="Sources\Framework\Window.cpp">
      <Filter>Framework</Filter>
    </ClCompile>
    <ClCompile Include="Sources\Framework\DirectX11.cpp">
      <Filter>Framework</Filter>
    </ClCompile>
    <ClCompile Include="Sources\Utils\RandMt.cpp">
      <Filter>Utils</Filter>
    </ClCompile>
    <ClCompile Include="Sources\Utils\Resource.cpp">
      <Filter>Utils\Resource</Filter>
    </ClCompile>
    <ClCompile Include="Sources\Utils\ResourceManager.cpp">
      <Filter>Utils\Resource</Filter>
    </ClCompile>
    <ClCompile Include="Sources\Utils\JsonWrapper.cpp">
      <Filter>Utils\Json</Filter>
    </ClCompile>
    <ClCompile Include="Sources\Utils\LoadDataManager.cpp">
      <Filter>Utils\Json</Filter>
    </ClCompile>
    <ClCompile Include="Sources\Parameters\CommandParameter.cpp">
      <Filter>Game\Parameters</Filter>
    </ClCompile>
    <ClCompile Include="Sources\Parameters\ElementParameter.cpp">
      <Filter>Game\Parameters</Filter>
    </ClCompile>
    <ClCompile Include="Sources\Parameters\MagicParameter.cpp">
      <Filter>Game\Parameters</Filter>
    </ClCompile>
    <ClCompile Include="Sources\Utils\MouseWrapper.cpp">
      <Filter>Utils</Filter>
    </ClCompile>
    <ClCompile Include="Sources\Utils\Subject.cpp">
      <Filter>Utils\UI</Filter>
    </ClCompile>
    <ClCompile Include="Sources\Utils\UIObserver.cpp">
      <Filter>Utils\UI</Filter>
    </ClCompile>
    <ClCompile Include="Sources\Utils\UISubject.cpp">
      <Filter>Utils\UI</Filter>
    </ClCompile>
    <ClCompile Include="Sources\Utils\ScaleUpUI.cpp">
      <Filter>Utils\UI</Filter>
    </ClCompile>
    <ClCompile Include="Sources\Parameters\EffectParameter.cpp">
      <Filter>Game\Parameters</Filter>
    </ClCompile>
    <ClCompile Include="Sources\Parameters\CharaStatusParameter.cpp">
      <Filter>Game\Parameters</Filter>
    </ClCompile>
    <ClCompile Include="Sources\Utils\Color.cpp">
      <Filter>Utils</Filter>
    </ClCompile>
    <ClCompile Include="Sources\Parameters\FieldParameter.cpp">
      <Filter>Game\Parameters</Filter>
    </ClCompile>
    <ClCompile Include="Sources\Game\Command\MoveCommand.cpp">
      <Filter>Game\Command</Filter>
    </ClCompile>
    <ClCompile Include="Sources\Game\Command\UserRenderCommand.cpp">
      <Filter>Game\Command</Filter>
    </ClCompile>
    <ClCompile Include="Sources\Game\Command\AICastMagicCommand.cpp">
      <Filter>Game\Command</Filter>
    </ClCompile>
    <ClCompile Include="Sources\Game\Command\AIMoveCommand.cpp">
      <Filter>Game\Command</Filter>
    </ClCompile>
    <ClCompile Include="Sources\Game\Command\AIRenderCommand.cpp">
      <Filter>Game\Command</Filter>
    </ClCompile>
    <ClCompile Include="Sources\Game\Command\CastMagicCommand.cpp">
      <Filter>Game\Command</Filter>
    </ClCompile>
    <ClCompile Include="Sources\Game\Fuzzy\AIMoveFuzzy.cpp">
      <Filter>Game\Fuzzy</Filter>
    </ClCompile>
    <ClCompile Include="Sources\Game\Camera\TargetCamera.cpp">
      <Filter>Game\Camera</Filter>
    </ClCompile>
    <ClCompile Include="Sources\Game\Camera\Camera.cpp">
      <Filter>Game\Camera</Filter>
    </ClCompile>
    <ClCompile Include="Sources\Game\Camera\DebugCamera.cpp">
      <Filter>Game\Camera</Filter>
    </ClCompile>
    <ClCompile Include="Sources\Game\Camera\FixCamera.cpp">
      <Filter>Game\Camera</Filter>
    </ClCompile>
    <ClCompile Include="Sources\Game\UI\CharaSelectMarker.cpp">
      <Filter>Game\UI</Filter>
    </ClCompile>
    <ClCompile Include="Sources\Game\UI\CharaIcon.cpp">
      <Filter>Game\UI</Filter>
    </ClCompile>
    <ClCompile Include="Sources\Game\Scene\PlayScene.cpp">
      <Filter>Game\Scene</Filter>
    </ClCompile>
    <ClCompile Include="Sources\Game\Scene\ResultScene.cpp">
      <Filter>Game\Scene</Filter>
    </ClCompile>
    <ClCompile Include="Sources\Game\Scene\TitleScene.cpp">
      <Filter>Game\Scene</Filter>
    </ClCompile>
    <ClCompile Include="Sources\Game\Scene\CharaSelectScene.cpp">
      <Filter>Game\Scene</Filter>
    </ClCompile>
    <ClCompile Include="Sources\Game\Scene\LogoScene.cpp">
      <Filter>Game\Scene</Filter>
    </ClCompile>
    <ClCompile Include="Sources\Game\Scene\PauseScene.cpp">
      <Filter>Game\Scene</Filter>
    </ClCompile>
    <ClCompile Include="Sources\Game\Load\ResourceLoader.cpp">
      <Filter>Game\Load</Filter>
    </ClCompile>
    <ClCompile Include="Sources\Game\Load\PlayParameterLoader.cpp">
      <Filter>Game\Load</Filter>
    </ClCompile>
    <ClCompile Include="Sources\Game\Collision\Collision.cpp">
      <Filter>Game\Collision</Filter>
    </ClCompile>
    <ClCompile Include="Sources\Game\Collision\SphereCollider.cpp">
      <Filter>Game\Collision</Filter>
    </ClCompile>
    <ClCompile Include="Sources\Game\Collision\CapsuleCollider.cpp">
      <Filter>Game\Collision</Filter>
    </ClCompile>
    <ClCompile Include="Sources\Game\Collision\Collider.cpp">
      <Filter>Game\Collision</Filter>
    </ClCompile>
    <ClCompile Include="Sources\Game\Element\ElementFactory.cpp">
      <Filter>Game\Element</Filter>
    </ClCompile>
    <ClCompile Include="Sources\Game\Element\ElementManager.cpp">
      <Filter>Game\Element</Filter>
    </ClCompile>
    <ClCompile Include="Sources\Game\Element\Element.cpp">
      <Filter>Game\Element</Filter>
    </ClCompile>
    <ClCompile Include="Sources\Game\Scene\SceneManager.cpp">
      <Filter>Game\Scene</Filter>
    </ClCompile>
    <ClCompile Include="Sources\Game\Effect\EffectFactory.cpp">
      <Filter>Game\Effect</Filter>
    </ClCompile>
    <ClCompile Include="Sources\Game\Effect\EffectManager.cpp">
      <Filter>Game\Effect</Filter>
    </ClCompile>
    <ClCompile Include="Sources\Game\Effect\FieldShieldEffectEmitter.cpp">
      <Filter>Game\Effect\Emmiter</Filter>
    </ClCompile>
    <ClCompile Include="Sources\Game\Effect\FireMagicEffectEmitter.cpp">
      <Filter>Game\Effect\Emmiter</Filter>
    </ClCompile>
    <ClCompile Include="Sources\Game\Effect\NormalMagicEffectEmitter.cpp">
      <Filter>Game\Effect\Emmiter</Filter>
    </ClCompile>
    <ClCompile Include="Sources\Game\Effect\PlayerTrailEffectEmitter.cpp">
      <Filter>Game\Effect\Emmiter</Filter>
    </ClCompile>
    <ClCompile Include="Sources\Game\Effect\Effect.cpp">
      <Filter>Game\Effect\Effect</Filter>
    </ClCompile>
    <ClCompile Include="Sources\Game\Effect\FieldShieldEffect.cpp">
      <Filter>Game\Effect\Effect</Filter>
    </ClCompile>
    <ClCompile Include="Sources\Game\Effect\FireMagicEffect.cpp">
      <Filter>Game\Effect\Effect</Filter>
    </ClCompile>
    <ClCompile Include="Sources\Game\Effect\NormalMagicEffect.cpp">
      <Filter>Game\Effect\Effect</Filter>
    </ClCompile>
    <ClCompile Include="Sources\Game\Effect\PlayerTrailEffect.cpp">
      <Filter>Game\Effect\Effect</Filter>
    </ClCompile>
    <ClCompile Include="Sources\Game\Magic\FireMagicShooter.cpp">
      <Filter>Game\Magic\Shooter</Filter>
    </ClCompile>
    <ClCompile Include="Sources\Game\Magic\FreezeMagicShooter.cpp">
      <Filter>Game\Magic\Shooter</Filter>
    </ClCompile>
    <ClCompile Include="Sources\Game\Magic\NormalMagicShooter.cpp">
      <Filter>Game\Magic\Shooter</Filter>
    </ClCompile>
    <ClCompile Include="Sources\Game\Magic\ThunderMagicShooter.cpp">
      <Filter>Game\Magic\Shooter</Filter>
    </ClCompile>
    <ClCompile Include="Sources\Game\Magic\ThunderStrikeMagicShooter.cpp">
      <Filter>Game\Magic\Shooter</Filter>
    </ClCompile>
    <ClCompile Include="Sources\Game\Magic\ThunderStrikeMagic.cpp">
      <Filter>Game\Magic\Magic</Filter>
    </ClCompile>
    <ClCompile Include="Sources\Game\Magic\FireMagic.cpp">
      <Filter>Game\Magic\Magic</Filter>
    </ClCompile>
    <ClCompile Include="Sources\Game\Magic\FreezeMagic.cpp">
      <Filter>Game\Magic\Magic</Filter>
    </ClCompile>
    <ClCompile Include="Sources\Game\Magic\NormalMagic.cpp">
      <Filter>Game\Magic\Magic</Filter>
    </ClCompile>
    <ClCompile Include="Sources\Game\Magic\ThunderMagic.cpp">
      <Filter>Game\Magic\Magic</Filter>
    </ClCompile>
    <ClCompile Include="Sources\Game\Magic\MagicManager.cpp">
      <Filter>Game\Magic</Filter>
    </ClCompile>
    <ClCompile Include="Sources\Game\Magic\MagicFactory.cpp">
      <Filter>Game\Magic</Filter>
    </ClCompile>
    <ClCompile Include="Sources\Game\Field\Field.cpp">
      <Filter>Game\Field</Filter>
    </ClCompile>
    <ClCompile Include="Sources\Game\Player\Player.cpp">
      <Filter>Game\Player</Filter>
    </ClCompile>
    <ClCompile Include="Sources\Game\Load\CommonServices.cpp">
      <Filter>Game</Filter>
    </ClCompile>
    <ClCompile Include="Sources\Game\Field\GridFloor.cpp">
      <Filter>Game\Field</Filter>
    </ClCompile>
    <ClCompile Include="Sources\Game\Object\Transform.cpp">
      <Filter>Game\Object</Filter>
    </ClCompile>
    <ClCompile Include="Sources\Game\Object\EmptyObject.cpp">
      <Filter>Game\Object</Filter>
    </ClCompile>
    <ClCompile Include="Sources\Parameters\FuzzyParameter.cpp">
      <Filter>Game\Parameters</Filter>
    </ClCompile>
    <ClCompile Include="Sources\Game\Collision\CollisionManager.cpp">
      <Filter>Game\Collision</Filter>
    </ClCompile>
    <ClCompile Include="Sources\Game\Effect\ThunderStrikeEffectEmitter.cpp">
      <Filter>Game\Effect\Emmiter</Filter>
    </ClCompile>
    <ClCompile Include="Sources\Game\Effect\ThunderStrikeEffect.cpp">
      <Filter>Game\Effect\Effect</Filter>
    </ClCompile>
  </ItemGroup>
  <ItemGroup>
    <ClInclude Include="Sources\pch\pch.h">
      <Filter>pch</Filter>
    </ClInclude>
    <ClInclude Include="Sources\Game\MyGame.h">
      <Filter>Game</Filter>
    </ClInclude>
    <ClInclude Include="Sources\Framework\Game.h">
      <Filter>Framework</Filter>
    </ClInclude>
    <ClInclude Include="Sources\Framework\StepTimer.h">
      <Filter>Framework</Filter>
    </ClInclude>
    <ClInclude Include="Sources\Framework\Window.h">
      <Filter>Framework</Filter>
    </ClInclude>
    <ClInclude Include="Sources\Framework\DirectX11.h">
      <Filter>Framework</Filter>
    </ClInclude>
    <ClInclude Include="Sources\Utils\RandMt.h">
      <Filter>Utils</Filter>
    </ClInclude>
    <ClInclude Include="Sources\Utils\MathUtils.h">
      <Filter>Utils</Filter>
    </ClInclude>
    <ClInclude Include="Sources\Utils\ErrorMessage.h">
      <Filter>Utils</Filter>
    </ClInclude>
    <ClInclude Include="Sources\Utils\ServiceLocater.h">
      <Filter>Utils</Filter>
    </ClInclude>
    <ClInclude Include="Sources\Utils\Singleton.h">
      <Filter>Utils</Filter>
    </ClInclude>
    <ClInclude Include="Sources\Utils\Resource.h">
      <Filter>Utils\Resource</Filter>
    </ClInclude>
    <ClInclude Include="Sources\Utils\NonCopyable.h">
      <Filter>Utils</Filter>
    </ClInclude>
    <ClInclude Include="Sources\Utils\ResourceManager.h">
      <Filter>Utils\Resource</Filter>
    </ClInclude>
    <ClInclude Include="Sources\Utils\ResourceID.h">
      <Filter>Utils\Resource</Filter>
    </ClInclude>
    <ClInclude Include="Sources\Utils\picojson.h">
      <Filter>Utils\Json</Filter>
    </ClInclude>
    <ClInclude Include="Sources\Utils\JsonWrapper.h">
      <Filter>Utils\Json</Filter>
    </ClInclude>
    <ClInclude Include="Sources\Utils\LoadDataManager.h">
      <Filter>Utils\Json</Filter>
    </ClInclude>
    <ClInclude Include="Sources\Utils\LoadDataID.h">
      <Filter>Utils\Json</Filter>
    </ClInclude>
    <ClInclude Include="Sources\Utils\ILoadDataHolder.h">
      <Filter>Utils\Json</Filter>
    </ClInclude>
    <ClInclude Include="Sources\Utils\LoadDataHolder.h">
      <Filter>Utils\Json</Filter>
    </ClInclude>
    <ClInclude Include="Sources\Parameters\CommandParameter.h">
      <Filter>Game\Parameters</Filter>
    </ClInclude>
    <ClInclude Include="Sources\Utils\ILoadData.h">
      <Filter>Utils\Json</Filter>
    </ClInclude>
    <ClInclude Include="Sources\Parameters\ElementParameter.h">
      <Filter>Game\Parameters</Filter>
    </ClInclude>
    <ClInclude Include="Sources\Parameters\MagicParameter.h">
      <Filter>Game\Parameters</Filter>
    </ClInclude>
    <ClInclude Include="Sources\Utils\MouseWrapper.h">
      <Filter>Utils</Filter>
    </ClInclude>
    <ClInclude Include="Sources\Utils\Subject.h">
      <Filter>Utils\UI</Filter>
    </ClInclude>
    <ClInclude Include="Sources\Utils\IObserver.h">
      <Filter>Utils\UI</Filter>
    </ClInclude>
    <ClInclude Include="Sources\Utils\ISubject.h">
      <Filter>Utils\UI</Filter>
    </ClInclude>
    <ClInclude Include="Sources\Utils\UIObserver.h">
      <Filter>Utils\UI</Filter>
    </ClInclude>
    <ClInclude Include="Sources\Utils\UIEvent.h">
      <Filter>Utils\UI</Filter>
    </ClInclude>
    <ClInclude Include="Sources\Utils\UISubject.h">
      <Filter>Utils\UI</Filter>
    </ClInclude>
    <ClInclude Include="Sources\Utils\ScaleUpUI.h">
      <Filter>Utils\UI</Filter>
    </ClInclude>
    <ClInclude Include="Sources\Parameters\EffectParameter.h">
      <Filter>Game\Parameters</Filter>
    </ClInclude>
    <ClInclude Include="Sources\Utils\LamdaUtils.h">
      <Filter>Utils</Filter>
    </ClInclude>
    <ClInclude Include="Sources\Utils\InputLayoutData.h">
      <Filter>Utils\Resource</Filter>
    </ClInclude>
    <ClInclude Include="Sources\Utils\BinFile.h">
      <Filter>Utils\Resource</Filter>
    </ClInclude>
    <ClInclude Include="Sources\Utils\ConstBuffer.h">
      <Filter>Utils\Resource</Filter>
    </ClInclude>
    <ClInclude Include="Sources\Parameters\CharaStatusParameter.h">
      <Filter>Game\Parameters</Filter>
    </ClInclude>
    <ClInclude Include="Sources\Utils\Color.h">
      <Filter>Utils</Filter>
    </ClInclude>
    <ClInclude Include="Sources\Parameters\FieldParameter.h">
      <Filter>Game\Parameters</Filter>
    </ClInclude>
    <ClInclude Include="Sources\Utils\FuzzyUtils.h">
      <Filter>Utils\Fuzzy</Filter>
    </ClInclude>
    <ClInclude Include="Sources\Utils\FuzzyObject.h">
      <Filter>Utils\Fuzzy</Filter>
    </ClInclude>
    <ClInclude Include="Sources\Game\Command\CastMagicCommand.h">
      <Filter>Game\Command</Filter>
    </ClInclude>
    <ClInclude Include="Sources\Game\Command\MoveCommand.h">
      <Filter>Game\Command</Filter>
    </ClInclude>
    <ClInclude Include="Sources\Game\Command\RenderCommand.h">
      <Filter>Game\Command</Filter>
    </ClInclude>
    <ClInclude Include="Sources\Game\Command\UserRenderCommand.h">
      <Filter>Game\Command</Filter>
    </ClInclude>
    <ClInclude Include="Sources\Game\Command\AICastMagicCommand.h">
      <Filter>Game\Command</Filter>
    </ClInclude>
    <ClInclude Include="Sources\Game\Command\AIMoveCommand.h">
      <Filter>Game\Command</Filter>
    </ClInclude>
    <ClInclude Include="Sources\Game\Command\AIRenderCommand.h">
      <Filter>Game\Command</Filter>
    </ClInclude>
    <ClInclude Include="Sources\Game\Command\Command.h">
      <Filter>Game\Command</Filter>
    </ClInclude>
    <ClInclude Include="Sources\Game\Fuzzy\AIMoveFuzzy.h">
      <Filter>Game\Fuzzy</Filter>
    </ClInclude>
    <ClInclude Include="Sources\Game\Camera\FixCamera.h">
      <Filter>Game\Camera</Filter>
    </ClInclude>
    <ClInclude Include="Sources\Game\Camera\TargetCamera.h">
      <Filter>Game\Camera</Filter>
    </ClInclude>
    <ClInclude Include="Sources\Game\Camera\Camera.h">
      <Filter>Game\Camera</Filter>
    </ClInclude>
    <ClInclude Include="Sources\Game\Camera\DebugCamera.h">
      <Filter>Game\Camera</Filter>
    </ClInclude>
    <ClInclude Include="Sources\Game\UI\CharaSelectMarker.h">
      <Filter>Game\UI</Filter>
    </ClInclude>
    <ClInclude Include="Sources\Game\UI\CharaIcon.h">
      <Filter>Game\UI</Filter>
    </ClInclude>
    <ClInclude Include="Sources\Game\Scene\PauseScene.h">
      <Filter>Game\Scene</Filter>
    </ClInclude>
    <ClInclude Include="Sources\Game\Scene\PlayScene.h">
      <Filter>Game\Scene</Filter>
    </ClInclude>
    <ClInclude Include="Sources\Game\Scene\ResultScene.h">
      <Filter>Game\Scene</Filter>
    </ClInclude>
    <ClInclude Include="Sources\Game\Scene\TitleScene.h">
      <Filter>Game\Scene</Filter>
    </ClInclude>
    <ClInclude Include="Sources\Game\Scene\CharaSelectScene.h">
      <Filter>Game\Scene</Filter>
    </ClInclude>
    <ClInclude Include="Sources\Game\Scene\IScene.h">
      <Filter>Game\Scene</Filter>
    </ClInclude>
    <ClInclude Include="Sources\Game\Scene\ISceneRequest.h">
      <Filter>Game\Scene</Filter>
    </ClInclude>
    <ClInclude Include="Sources\Game\Scene\LogoScene.h">
      <Filter>Game\Scene</Filter>
    </ClInclude>
    <ClInclude Include="Sources\Game\Load\ResourceLoader.h">
      <Filter>Game\Load</Filter>
    </ClInclude>
    <ClInclude Include="Sources\Game\Load\IParameterLoader.h">
      <Filter>Game\Load</Filter>
    </ClInclude>
    <ClInclude Include="Sources\Game\Load\PlayParameterLoader.h">
      <Filter>Game\Load</Filter>
    </ClInclude>
    <ClInclude Include="Sources\Game\Collision\Collision.h">
      <Filter>Game\Collision</Filter>
    </ClInclude>
    <ClInclude Include="Sources\Game\Collision\SphereCollider.h">
      <Filter>Game\Collision</Filter>
    </ClInclude>
    <ClInclude Include="Sources\Game\Collision\CapsuleCollider.h">
      <Filter>Game\Collision</Filter>
    </ClInclude>
    <ClInclude Include="Sources\Game\Collision\Collider.h">
      <Filter>Game\Collision</Filter>
    </ClInclude>
    <ClInclude Include="Sources\Game\Element\ElementFactory.h">
      <Filter>Game\Element</Filter>
    </ClInclude>
    <ClInclude Include="Sources\Game\Element\ElementManager.h">
      <Filter>Game\Element</Filter>
    </ClInclude>
    <ClInclude Include="Sources\Game\Element\Element.h">
      <Filter>Game\Element</Filter>
    </ClInclude>
    <ClInclude Include="Sources\Game\Scene\SceneManager.h">
      <Filter>Game\Scene</Filter>
    </ClInclude>
    <ClInclude Include="Sources\Game\Effect\EffectFactory.h">
      <Filter>Game\Effect</Filter>
    </ClInclude>
    <ClInclude Include="Sources\Game\Effect\EffectID.h">
      <Filter>Game\Effect</Filter>
    </ClInclude>
    <ClInclude Include="Sources\Game\Effect\EffectManager.h">
      <Filter>Game\Effect</Filter>
    </ClInclude>
    <ClInclude Include="Sources\Game\Effect\EffectEmitter.h">
      <Filter>Game\Effect\Emmiter</Filter>
    </ClInclude>
    <ClInclude Include="Sources\Game\Effect\FieldShieldEffectEmitter.h">
      <Filter>Game\Effect\Emmiter</Filter>
    </ClInclude>
    <ClInclude Include="Sources\Game\Effect\FireMagicEffectEmitter.h">
      <Filter>Game\Effect\Emmiter</Filter>
    </ClInclude>
    <ClInclude Include="Sources\Game\Effect\NormalMagicEffectEmitter.h">
      <Filter>Game\Effect\Emmiter</Filter>
    </ClInclude>
    <ClInclude Include="Sources\Game\Effect\IEffectEmitter.h">
      <Filter>Game\Effect\Emmiter</Filter>
    </ClInclude>
    <ClInclude Include="Sources\Game\Effect\PlayerTrailEffectEmitter.h">
      <Filter>Game\Effect\Emmiter</Filter>
    </ClInclude>
    <ClInclude Include="Sources\Game\Effect\Effect.h">
      <Filter>Game\Effect\Effect</Filter>
    </ClInclude>
    <ClInclude Include="Sources\Game\Effect\FieldShieldEffect.h">
      <Filter>Game\Effect\Effect</Filter>
    </ClInclude>
    <ClInclude Include="Sources\Game\Effect\FireMagicEffect.h">
      <Filter>Game\Effect\Effect</Filter>
    </ClInclude>
    <ClInclude Include="Sources\Game\Effect\IEffect.h">
      <Filter>Game\Effect\Effect</Filter>
    </ClInclude>
    <ClInclude Include="Sources\Game\Effect\NormalMagicEffect.h">
      <Filter>Game\Effect\Effect</Filter>
    </ClInclude>
    <ClInclude Include="Sources\Game\Effect\PlayerTrailEffect.h">
      <Filter>Game\Effect\Effect</Filter>
    </ClInclude>
    <ClInclude Include="Sources\Game\Magic\FireMagicShooter.h">
      <Filter>Game\Magic\Shooter</Filter>
    </ClInclude>
    <ClInclude Include="Sources\Game\Magic\FreezeMagicShooter.h">
      <Filter>Game\Magic\Shooter</Filter>
    </ClInclude>
    <ClInclude Include="Sources\Game\Magic\IMagicShooter.h">
      <Filter>Game\Magic\Shooter</Filter>
    </ClInclude>
    <ClInclude Include="Sources\Game\Magic\NormalMagicShooter.h">
      <Filter>Game\Magic\Shooter</Filter>
    </ClInclude>
    <ClInclude Include="Sources\Game\Magic\ThunderMagicShooter.h">
      <Filter>Game\Magic\Shooter</Filter>
    </ClInclude>
    <ClInclude Include="Sources\Game\Magic\ThunderStrikeMagicShooter.h">
      <Filter>Game\Magic\Shooter</Filter>
    </ClInclude>
    <ClInclude Include="Sources\Game\Magic\ThunderStrikeMagic.h">
      <Filter>Game\Magic\Magic</Filter>
    </ClInclude>
    <ClInclude Include="Sources\Game\Magic\FireMagic.h">
      <Filter>Game\Magic\Magic</Filter>
    </ClInclude>
    <ClInclude Include="Sources\Game\Magic\FreezeMagic.h">
      <Filter>Game\Magic\Magic</Filter>
    </ClInclude>
    <ClInclude Include="Sources\Game\Magic\IMagic.h">
      <Filter>Game\Magic\Magic</Filter>
    </ClInclude>
    <ClInclude Include="Sources\Game\Magic\Magic.h">
      <Filter>Game\Magic\Magic</Filter>
    </ClInclude>
    <ClInclude Include="Sources\Game\Magic\NormalMagic.h">
      <Filter>Game\Magic\Magic</Filter>
    </ClInclude>
    <ClInclude Include="Sources\Game\Magic\ThunderMagic.h">
      <Filter>Game\Magic\Magic</Filter>
    </ClInclude>
    <ClInclude Include="Sources\Game\Magic\MagicID.h">
      <Filter>Game\Magic</Filter>
    </ClInclude>
    <ClInclude Include="Sources\Game\Magic\MagicInfo.h">
      <Filter>Game\Magic</Filter>
    </ClInclude>
    <ClInclude Include="Sources\Game\Magic\MagicManager.h">
      <Filter>Game\Magic</Filter>
    </ClInclude>
    <ClInclude Include="Sources\Game\Magic\MagicFactory.h">
      <Filter>Game\Magic</Filter>
    </ClInclude>
    <ClInclude Include="Sources\Game\Field\Field.h">
      <Filter>Game\Field</Filter>
    </ClInclude>
    <ClInclude Include="Sources\Game\Field\FieldData.h">
      <Filter>Game\Field</Filter>
    </ClInclude>
    <ClInclude Include="Sources\Game\Player\Player.h">
      <Filter>Game\Player</Filter>
    </ClInclude>
    <ClInclude Include="Sources\Game\Player\PlayerID.h">
      <Filter>Game\Player</Filter>
    </ClInclude>
    <ClInclude Include="Sources\Game\Load\CommonServices.h">
      <Filter>Game</Filter>
    </ClInclude>
    <ClInclude Include="Sources\Game\Player\PlayerStatus.h">
      <Filter>Game\Player</Filter>
    </ClInclude>
    <ClInclude Include="Sources\Game\Field\GridFloor.h">
      <Filter>Game\Field</Filter>
    </ClInclude>
    <ClInclude Include="Sources\Game\Object\EmptyObject.h">
      <Filter>Game\Object</Filter>
    </ClInclude>
    <ClInclude Include="Sources\Game\Object\IObject.h">
      <Filter>Game\Object</Filter>
    </ClInclude>
    <ClInclude Include="Sources\Game\Object\Transform.h">
      <Filter>Game\Object</Filter>
    </ClInclude>
    <ClInclude Include="Sources\Parameters\FuzzyParameter.h">
      <Filter>Game\Parameters</Filter>
    </ClInclude>
    <ClInclude Include="Sources\Game\Collision\CollisionManager.h">
      <Filter>Game\Collision</Filter>
    </ClInclude>
    <ClInclude Include="Sources\Game\Scene\SceneID.h">
      <Filter>Game\Scene</Filter>
    </ClInclude>
    <ClInclude Include="Sources\Game\Effect\ThunderStrikeEffectEmitter.h">
      <Filter>Game\Effect\Emmiter</Filter>
    </ClInclude>
    <ClInclude Include="Sources\Game\Effect\ThunderStrikeEffect.h">
      <Filter>Game\Effect\Effect</Filter>
    </ClInclude>
    <ClInclude Include="Sources\Game\Scene\ShareData\ShareData.h">
      <Filter>Game\Scene\ShareData</Filter>
    </ClInclude>
  </ItemGroup>
  <ItemGroup>
    <MeshContentTask Include="Assets\Models\Protected\bloom.FBX">
      <Filter>Assets</Filter>
    </MeshContentTask>
    <MeshContentTask Include="Assets\Models\Protected\skydome.FBX">
      <Filter>Assets</Filter>
    </MeshContentTask>
    <MeshContentTask Include="Assets\Models\Protected\skydome_space.FBX">
      <Filter>Assets</Filter>
    </MeshContentTask>
  </ItemGroup>
  <ItemGroup>
    <None Include="Resources\Jsons\player_command.json">
      <Filter>Assets\Jsons</Filter>
    </None>
    <None Include="Resources\Jsons\element.json">
      <Filter>Assets\Jsons</Filter>
    </None>
    <None Include="Resources\Jsons\magic.json">
      <Filter>Assets\Jsons</Filter>
    </None>
    <None Include="Resources\Jsons\effect.json">
      <Filter>Assets\Jsons</Filter>
    </None>
    <None Include="Resources\Jsons\chara_status.json">
      <Filter>Assets\Jsons</Filter>
    </None>
    <None Include="Resources\Jsons\field.json">
      <Filter>Assets\Jsons</Filter>
    </None>
    <None Include="Resources\Jsons\fuzzy.json">
      <Filter>Assets\Jsons</Filter>
    </None>
    <None Include="ClassDiagram.cd" />
    <None Include="Assets\Shaders\Default.hlsli">
      <Filter>Assets\Shader</Filter>
    </None>
  </ItemGroup>
  <ItemGroup>
    <FxCompile Include="Assets\Shaders\ThunderStrikePS.hlsl">
      <Filter>Assets\Shader</Filter>
    </FxCompile>
    <FxCompile Include="Assets\Shaders\DefaultPS.hlsl">
      <Filter>Assets\Shader</Filter>
    </FxCompile>
    <FxCompile Include="Assets\Shaders\DefaultVS.hlsl">
      <Filter>Assets\Shader</Filter>
    </FxCompile>
    <FxCompile Include="Assets\Shaders\BillboardGS.hlsl">
      <Filter>Assets\Shader</Filter>
    </FxCompile>
  </ItemGroup>
</Project>