<?xml version="1.0" encoding="utf-8"?>
<Project ToolsVersion="4.0" xmlns="http://schemas.microsoft.com/developer/msbuild/2003">
  <ItemGroup>
    <Filter Include="Assets">
      <UniqueIdentifier>cbb9ce9c-87a2-46c8-b755-2c80b399cb74</UniqueIdentifier>
      <Extensions>ico;cur;bmp;dds;dlg;fbx;rct;bin;rgs;gif;jpg;jpeg;jpe;resx;tga;tiff;tif;png;wav;mfcribbon-ms</Extensions>
    </Filter>
    <Filter Include="pch">
      <UniqueIdentifier>{c7d7d095-0c2c-4b7b-96b9-700eab1a0b22}</UniqueIdentifier>
    </Filter>
    <Filter Include="Game">
      <UniqueIdentifier>{0547b5e1-928d-44a2-bf28-33b3a5944d16}</UniqueIdentifier>
    </Filter>
    <Filter Include="Framework">
      <UniqueIdentifier>{456606c3-8c98-4f2e-afba-88b00e300d51}</UniqueIdentifier>
    </Filter>
    <Filter Include="Game\Field">
      <UniqueIdentifier>{8b26e416-b95f-4651-843f-7c80ea3d0292}</UniqueIdentifier>
    </Filter>
    <Filter Include="Game\Camera">
      <UniqueIdentifier>{f8c123b2-be52-42e4-8bf9-5f6258d06dbf}</UniqueIdentifier>
    </Filter>
    <Filter Include="Game\Manager">
      <UniqueIdentifier>{62df1444-d1b5-4c52-930c-6ad4fb26d77e}</UniqueIdentifier>
    </Filter>
    <Filter Include="Game\Scene">
      <UniqueIdentifier>{00948bf6-4ead-40b9-876b-3e63f482983b}</UniqueIdentifier>
    </Filter>
    <Filter Include="Game\Object">
      <UniqueIdentifier>{4bb48832-8494-452a-a067-e3b794838c8c}</UniqueIdentifier>
    </Filter>
    <Filter Include="Game\Strategy">
      <UniqueIdentifier>{be172b32-fe44-4e85-9fd4-7c77efbd196b}</UniqueIdentifier>
    </Filter>
    <Filter Include="Game\Collision">
      <UniqueIdentifier>{69626ec8-61e9-4f50-baf3-211e61961de8}</UniqueIdentifier>
    </Filter>
    <Filter Include="Game\Command">
      <UniqueIdentifier>{9a0eadae-73bd-4bc6-9511-961f906a3b7f}</UniqueIdentifier>
    </Filter>
    <Filter Include="Game\Object\Magic">
      <UniqueIdentifier>{4f33ca50-14ab-4439-86c0-6896d7f98a78}</UniqueIdentifier>
    </Filter>
    <Filter Include="Utils">
      <UniqueIdentifier>{ee61a34d-c016-451a-ad4c-a0dd3cb8ddb3}</UniqueIdentifier>
    </Filter>
    <Filter Include="Utils\Json">
      <UniqueIdentifier>{b932f234-0c6e-44da-884c-c70e97556e88}</UniqueIdentifier>
    </Filter>
    <Filter Include="Game\Load">
      <UniqueIdentifier>{d12d5140-74bf-4c2b-8bc4-1f1bc124e172}</UniqueIdentifier>
    </Filter>
    <Filter Include="Utils\Resource">
      <UniqueIdentifier>{a8f0914d-a87a-4af0-91f5-771c188b541a}</UniqueIdentifier>
    </Filter>
    <Filter Include="Utils\UI">
      <UniqueIdentifier>{4cfa10d9-858b-4016-964a-91fab4b0db5f}</UniqueIdentifier>
    </Filter>
    <Filter Include="Game\UI">
      <UniqueIdentifier>{64cf1422-e294-4ca7-bcf0-964e831de46f}</UniqueIdentifier>
    </Filter>
    <Filter Include="Game\Object\Effect">
      <UniqueIdentifier>{15f022d2-29a6-4afe-8457-7a3fcdb9824d}</UniqueIdentifier>
    </Filter>
    <Filter Include="Game\Object\EffectEmitter">
      <UniqueIdentifier>{318aad87-bd93-4f32-87ae-435d6ae4b7e6}</UniqueIdentifier>
    </Filter>
    <Filter Include="Assets\Shader">
      <UniqueIdentifier>{16a16d43-0583-4661-8516-185028f8ef03}</UniqueIdentifier>
    </Filter>
    <Filter Include="Game\Factory">
      <UniqueIdentifier>{eab97cfd-ae66-4aec-b145-4a73a6307736}</UniqueIdentifier>
    </Filter>
    <Filter Include="Assets\Jsons">
      <UniqueIdentifier>{af038f85-a652-424e-906d-a4cd73af81f3}</UniqueIdentifier>
    </Filter>
    <Filter Include="Game\Parameters">
      <UniqueIdentifier>{be7d3ff3-0a63-4cf7-a0e1-ec78d9bb61f3}</UniqueIdentifier>
    </Filter>
  </ItemGroup>
  <ItemGroup>
    <Image Include="directx.ico">
      <Filter>Assets</Filter>
    </Image>
  </ItemGroup>
  <ItemGroup>
    <Manifest Include="settings.manifest">
      <Filter>Assets</Filter>
    </Manifest>
  </ItemGroup>
  <ItemGroup>
    <ClCompile Include="Main.cpp" />
    <ClCompile Include="Sources\pch\pch.cpp">
      <Filter>pch</Filter>
    </ClCompile>
    <ClCompile Include="Sources\Game\MyGame.cpp">
      <Filter>Game</Filter>
    </ClCompile>
    <ClCompile Include="Sources\Framework\Game.cpp">
      <Filter>Framework</Filter>
    </ClCompile>
    <ClCompile Include="Sources\Framework\Window.cpp">
      <Filter>Framework</Filter>
    </ClCompile>
    <ClCompile Include="Sources\Framework\DirectX11.cpp">
      <Filter>Framework</Filter>
    </ClCompile>
    <ClCompile Include="Sources\Game\Field.cpp">
      <Filter>Game\Field</Filter>
    </ClCompile>
    <ClCompile Include="Sources\Game\GridFloor.cpp">
      <Filter>Game\Field</Filter>
    </ClCompile>
    <ClCompile Include="Sources\Game\FixCamera.cpp">
      <Filter>Game\Camera</Filter>
    </ClCompile>
    <ClCompile Include="Sources\Game\DebugCamera.cpp">
      <Filter>Game\Camera</Filter>
    </ClCompile>
    <ClCompile Include="Sources\Game\Element.cpp">
      <Filter>Game\Object</Filter>
    </ClCompile>
    <ClCompile Include="Sources\Game\Player.cpp">
      <Filter>Game\Object</Filter>
    </ClCompile>
    <ClCompile Include="Sources\Game\Transform.cpp">
      <Filter>Game\Object</Filter>
    </ClCompile>
    <ClCompile Include="Sources\Game\TargetCamera.cpp">
      <Filter>Game\Camera</Filter>
    </ClCompile>
    <ClCompile Include="Sources\Game\ElementFactory.cpp">
      <Filter>Game\Factory</Filter>
    </ClCompile>
    <ClCompile Include="Sources\Game\ElementManager.cpp">
      <Filter>Game\Manager</Filter>
    </ClCompile>
    <ClCompile Include="Sources\Game\SceneManager.cpp">
      <Filter>Game\Manager</Filter>
    </ClCompile>
    <ClCompile Include="Sources\Game\PlayScene.cpp">
      <Filter>Game\Scene</Filter>
    </ClCompile>
    <ClCompile Include="Sources\Game\SphereCollider.cpp">
      <Filter>Game\Collision</Filter>
    </ClCompile>
    <ClCompile Include="Sources\Game\MagicFactory.cpp">
      <Filter>Game\Factory</Filter>
    </ClCompile>
    <ClCompile Include="Sources\Game\MagicManager.cpp">
      <Filter>Game\Manager</Filter>
    </ClCompile>
    <ClCompile Include="Sources\Game\Camera.cpp">
      <Filter>Game\Camera</Filter>
    </ClCompile>
    <ClCompile Include="Sources\Game\NormalMagicShooter.cpp">
      <Filter>Game\Strategy</Filter>
    </ClCompile>
    <ClCompile Include="Sources\Game\FireMagicShooter.cpp">
      <Filter>Game\Strategy</Filter>
    </ClCompile>
    <ClCompile Include="Sources\Game\MoveCommand.cpp">
      <Filter>Game\Command</Filter>
    </ClCompile>
    <ClCompile Include="Sources\Game\CastMagicCommand.cpp">
      <Filter>Game\Command</Filter>
    </ClCompile>
    <ClCompile Include="Sources\Game\AICastMagicCommand.cpp">
      <Filter>Game\Command</Filter>
    </ClCompile>
    <ClCompile Include="Sources\Game\AIMoveCommand.cpp">
      <Filter>Game\Command</Filter>
    </ClCompile>
    <ClCompile Include="Sources\Game\ThunderMagicShooter.cpp">
      <Filter>Game\Strategy</Filter>
    </ClCompile>
    <ClCompile Include="Sources\Game\FreezeMagicShooter.cpp">
      <Filter>Game\Strategy</Filter>
    </ClCompile>
    <ClCompile Include="Sources\Game\FireMagic.cpp">
      <Filter>Game\Object\Magic</Filter>
    </ClCompile>
    <ClCompile Include="Sources\Game\FreezeMagic.cpp">
      <Filter>Game\Object\Magic</Filter>
    </ClCompile>
    <ClCompile Include="Sources\Game\NormalMagic.cpp">
      <Filter>Game\Object\Magic</Filter>
    </ClCompile>
    <ClCompile Include="Sources\Game\ThunderMagic.cpp">
      <Filter>Game\Object\Magic</Filter>
    </ClCompile>
    <ClCompile Include="Sources\Game\ThunderStrikeMagic.cpp">
      <Filter>Game\Object\Magic</Filter>
    </ClCompile>
    <ClCompile Include="Sources\Game\ThunderStrikeMagicShooter.cpp">
      <Filter>Game\Strategy</Filter>
    </ClCompile>
    <ClCompile Include="Sources\Game\Collision.cpp">
      <Filter>Game\Collision</Filter>
    </ClCompile>
    <ClCompile Include="Sources\Utils\RandMt.cpp">
      <Filter>Utils</Filter>
    </ClCompile>
    <ClCompile Include="Sources\Game\LogoScene.cpp">
      <Filter>Game\Scene</Filter>
    </ClCompile>
    <ClCompile Include="Sources\Utils\Resource.cpp">
      <Filter>Utils\Resource</Filter>
    </ClCompile>
    <ClCompile Include="Sources\Utils\ResourceManager.cpp">
      <Filter>Utils\Resource</Filter>
    </ClCompile>
    <ClCompile Include="Sources\Utils\JsonWrapper.cpp">
      <Filter>Utils\Json</Filter>
    </ClCompile>
    <ClCompile Include="Sources\Utils\LoadDataManager.cpp">
      <Filter>Utils\Json</Filter>
    </ClCompile>
    <ClCompile Include="Sources\Game\ResourceLoader.cpp">
      <Filter>Game\Load</Filter>
    </ClCompile>
    <ClCompile Include="Sources\Game\PlayParameterLoader.cpp">
      <Filter>Game\Load</Filter>
    </ClCompile>
    <ClCompile Include="Sources\Parameters\CommandParameter.cpp">
      <Filter>Game\Parameters</Filter>
    </ClCompile>
    <ClCompile Include="Sources\Parameters\AICommandParameter.cpp">
      <Filter>Game\Parameters</Filter>
    </ClCompile>
    <ClCompile Include="Sources\Parameters\ElementParameter.cpp">
      <Filter>Game\Parameters</Filter>
    </ClCompile>
    <ClCompile Include="Sources\Game\CommonServices.cpp">
      <Filter>Game</Filter>
    </ClCompile>
    <ClCompile Include="Sources\Game\TitleScene.cpp">
      <Filter>Game\Scene</Filter>
    </ClCompile>
    <ClCompile Include="Sources\Game\CharaSelectScene.cpp">
      <Filter>Game\Scene</Filter>
    </ClCompile>
    <ClCompile Include="Sources\Game\ResultScene.cpp">
      <Filter>Game\Scene</Filter>
    </ClCompile>
    <ClCompile Include="Sources\Parameters\MagicParameter.cpp">
      <Filter>Game\Parameters</Filter>
    </ClCompile>
    <ClCompile Include="Sources\Utils\MouseWrapper.cpp">
      <Filter>Utils</Filter>
    </ClCompile>
    <ClCompile Include="Sources\Game\Collider.cpp">
      <Filter>Game\Collision</Filter>
    </ClCompile>
    <ClCompile Include="Sources\Game\EmptyObject.cpp">
      <Filter>Game\Object</Filter>
    </ClCompile>
    <ClCompile Include="Sources\Utils\Subject.cpp">
      <Filter>Utils\UI</Filter>
    </ClCompile>
    <ClCompile Include="Sources\Utils\UIObserver.cpp">
      <Filter>Utils\UI</Filter>
    </ClCompile>
    <ClCompile Include="Sources\Utils\UISubject.cpp">
      <Filter>Utils\UI</Filter>
    </ClCompile>
    <ClCompile Include="Sources\Utils\ScaleUpUI.cpp">
      <Filter>Utils\UI</Filter>
    </ClCompile>
    <ClCompile Include="Sources\Game\CharaSelectMarker.cpp">
      <Filter>Game\UI</Filter>
    </ClCompile>
    <ClCompile Include="Sources\Game\CharaIcon.cpp">
      <Filter>Game\UI</Filter>
    </ClCompile>
    <ClCompile Include="Sources\Game\UserRenderCommand.cpp">
      <Filter>Game\Command</Filter>
    </ClCompile>
    <ClCompile Include="Sources\Game\AIRenderCommand.cpp">
      <Filter>Game\Command</Filter>
    </ClCompile>
    <ClCompile Include="Sources\Game\PauseScene.cpp">
      <Filter>Game\Scene</Filter>
    </ClCompile>
    <ClCompile Include="Sources\Game\EffectManager.cpp">
      <Filter>Game\Manager</Filter>
    </ClCompile>
    <ClCompile Include="Sources\Parameters\EffectParameter.cpp">
      <Filter>Game\Parameters</Filter>
    </ClCompile>
    <ClCompile Include="Sources\Game\EffectFactory.cpp">
      <Filter>Game\Factory</Filter>
    </ClCompile>
    <ClCompile Include="Sources\Game\NormalMagicEffect.cpp">
      <Filter>Game\Object\Effect</Filter>
    </ClCompile>
    <ClCompile Include="Sources\Game\FireMagicEffect.cpp">
      <Filter>Game\Object\Effect</Filter>
    </ClCompile>
    <ClCompile Include="Sources\Game\NormalMagicEffectEmitter.cpp">
      <Filter>Game\Object\EffectEmitter</Filter>
    </ClCompile>
    <ClCompile Include="Sources\Game\FireMagicEffectEmitter.cpp">
      <Filter>Game\Object\EffectEmitter</Filter>
    </ClCompile>
    <ClCompile Include="Sources\Parameters\CharaStatusParameter.cpp">
      <Filter>Game\Parameters</Filter>
    </ClCompile>
    <ClCompile Include="Sources\Game\Effect.cpp">
      <Filter>Game\Object\Effect</Filter>
    </ClCompile>
    <ClCompile Include="Sources\Game\PlayerTrailEffectEmitter.cpp">
      <Filter>Game\Object\EffectEmitter</Filter>
    </ClCompile>
    <ClCompile Include="Sources\Game\PlayerTrailEffect.cpp">
      <Filter>Game\Object\Effect</Filter>
    </ClCompile>
    <ClCompile Include="Sources\Utils\Color.cpp">
      <Filter>Utils</Filter>
    </ClCompile>
    <ClCompile Include="Sources\Game\FieldShieldEffectEmitter.cpp">
      <Filter>Game\Object\EffectEmitter</Filter>
    </ClCompile>
    <ClCompile Include="Sources\Game\FieldShieldEffect.cpp">
      <Filter>Game\Object\Effect</Filter>
    </ClCompile>
    <ClCompile Include="Sources\Game\CapsuleCollider.cpp">
      <Filter>Game\Collision</Filter>
    </ClCompile>
    <ClCompile Include="Sources\Parameters\FieldParameter.cpp">
      <Filter>Game\Parameters</Filter>
    </ClCompile>
  </ItemGroup>
  <ItemGroup>
    <ClInclude Include="Sources\pch\pch.h">
      <Filter>pch</Filter>
    </ClInclude>
    <ClInclude Include="Sources\Game\MyGame.h">
      <Filter>Game</Filter>
    </ClInclude>
    <ClInclude Include="Sources\Framework\Game.h">
      <Filter>Framework</Filter>
    </ClInclude>
    <ClInclude Include="Sources\Framework\StepTimer.h">
      <Filter>Framework</Filter>
    </ClInclude>
    <ClInclude Include="Sources\Framework\Window.h">
      <Filter>Framework</Filter>
    </ClInclude>
    <ClInclude Include="Sources\Framework\DirectX11.h">
      <Filter>Framework</Filter>
    </ClInclude>
    <ClInclude Include="Sources\Game\Field.h">
      <Filter>Game\Field</Filter>
    </ClInclude>
    <ClInclude Include="Sources\Game\GridFloor.h">
      <Filter>Game\Field</Filter>
    </ClInclude>
    <ClInclude Include="Sources\Game\FixCamera.h">
      <Filter>Game\Camera</Filter>
    </ClInclude>
    <ClInclude Include="Sources\Game\DebugCamera.h">
      <Filter>Game\Camera</Filter>
    </ClInclude>
    <ClInclude Include="Sources\Game\TargetCamera.h">
      <Filter>Game\Camera</Filter>
    </ClInclude>
    <ClInclude Include="Sources\Game\Element.h">
      <Filter>Game\Object</Filter>
    </ClInclude>
    <ClInclude Include="Sources\Game\IObject.h">
      <Filter>Game\Object</Filter>
    </ClInclude>
    <ClInclude Include="Sources\Game\Player.h">
      <Filter>Game\Object</Filter>
    </ClInclude>
    <ClInclude Include="Sources\Game\Transform.h">
      <Filter>Game\Object</Filter>
    </ClInclude>
    <ClInclude Include="Sources\Game\ElementManager.h">
      <Filter>Game\Manager</Filter>
    </ClInclude>
    <ClInclude Include="Sources\Game\ElementFactory.h">
      <Filter>Game\Factory</Filter>
    </ClInclude>
    <ClInclude Include="Sources\Game\IScene.h">
      <Filter>Game\Scene</Filter>
    </ClInclude>
    <ClInclude Include="Sources\Game\ISceneRequest.h">
      <Filter>Game\Scene</Filter>
    </ClInclude>
    <ClInclude Include="Sources\Game\SceneManager.h">
      <Filter>Game\Manager</Filter>
    </ClInclude>
    <ClInclude Include="Sources\Game\PlayScene.h">
      <Filter>Game\Scene</Filter>
    </ClInclude>
    <ClInclude Include="Sources\Game\SphereCollider.h">
      <Filter>Game\Collision</Filter>
    </ClInclude>
    <ClInclude Include="Sources\Game\MagicManager.h">
      <Filter>Game\Manager</Filter>
    </ClInclude>
    <ClInclude Include="Sources\Game\MagicFactory.h">
      <Filter>Game\Factory</Filter>
    </ClInclude>
    <ClInclude Include="Sources\Game\Camera.h">
      <Filter>Game\Camera</Filter>
    </ClInclude>
    <ClInclude Include="Sources\Game\IMagicShooter.h">
      <Filter>Game\Strategy</Filter>
    </ClInclude>
    <ClInclude Include="Sources\Game\NormalMagicShooter.h">
      <Filter>Game\Strategy</Filter>
    </ClInclude>
    <ClInclude Include="Sources\Game\FireMagicShooter.h">
      <Filter>Game\Strategy</Filter>
    </ClInclude>
    <ClInclude Include="Sources\Game\MoveCommand.h">
      <Filter>Game\Command</Filter>
    </ClInclude>
    <ClInclude Include="Sources\Game\Command.h">
      <Filter>Game\Command</Filter>
    </ClInclude>
    <ClInclude Include="Sources\Game\CastMagicCommand.h">
      <Filter>Game\Command</Filter>
    </ClInclude>
    <ClInclude Include="Sources\Game\AICastMagicCommand.h">
      <Filter>Game\Command</Filter>
    </ClInclude>
    <ClInclude Include="Sources\Game\AIMoveCommand.h">
      <Filter>Game\Command</Filter>
    </ClInclude>
    <ClInclude Include="Sources\Game\ThunderMagicShooter.h">
      <Filter>Game\Strategy</Filter>
    </ClInclude>
    <ClInclude Include="Sources\Game\FreezeMagicShooter.h">
      <Filter>Game\Strategy</Filter>
    </ClInclude>
    <ClInclude Include="Sources\Game\FireMagic.h">
      <Filter>Game\Object\Magic</Filter>
    </ClInclude>
    <ClInclude Include="Sources\Game\FreezeMagic.h">
      <Filter>Game\Object\Magic</Filter>
    </ClInclude>
    <ClInclude Include="Sources\Game\IMagic.h">
      <Filter>Game\Object\Magic</Filter>
    </ClInclude>
    <ClInclude Include="Sources\Game\Magic.h">
      <Filter>Game\Object\Magic</Filter>
    </ClInclude>
    <ClInclude Include="Sources\Game\NormalMagic.h">
      <Filter>Game\Object\Magic</Filter>
    </ClInclude>
    <ClInclude Include="Sources\Game\ThunderStrikeMagic.h">
      <Filter>Game\Object\Magic</Filter>
    </ClInclude>
    <ClInclude Include="Sources\Game\ThunderMagic.h">
      <Filter>Game\Object\Magic</Filter>
    </ClInclude>
    <ClInclude Include="Sources\Game\ThunderStrikeMagicShooter.h">
      <Filter>Game\Strategy</Filter>
    </ClInclude>
    <ClInclude Include="Sources\Game\Collider.h">
      <Filter>Game\Collision</Filter>
    </ClInclude>
    <ClInclude Include="Sources\Game\Collision.h">
      <Filter>Game\Collision</Filter>
    </ClInclude>
    <ClInclude Include="Sources\Utils\RandMt.h">
      <Filter>Utils</Filter>
    </ClInclude>
    <ClInclude Include="Sources\Utils\MathUtils.h">
      <Filter>Utils</Filter>
    </ClInclude>
    <ClInclude Include="Sources\Game\LogoScene.h">
      <Filter>Game\Scene</Filter>
    </ClInclude>
    <ClInclude Include="Sources\Utils\ErrorMessage.h">
      <Filter>Utils</Filter>
    </ClInclude>
    <ClInclude Include="Sources\Utils\ServiceLocater.h">
      <Filter>Utils</Filter>
    </ClInclude>
    <ClInclude Include="Sources\Utils\Singleton.h">
      <Filter>Utils</Filter>
    </ClInclude>
    <ClInclude Include="Sources\Utils\Resource.h">
      <Filter>Utils\Resource</Filter>
    </ClInclude>
    <ClInclude Include="Sources\Utils\NonCopyable.h">
      <Filter>Utils</Filter>
    </ClInclude>
    <ClInclude Include="Sources\Utils\ResourceManager.h">
      <Filter>Utils\Resource</Filter>
    </ClInclude>
    <ClInclude Include="Sources\Utils\ResourceID.h">
      <Filter>Utils\Resource</Filter>
    </ClInclude>
    <ClInclude Include="Sources\Utils\picojson.h">
      <Filter>Utils\Json</Filter>
    </ClInclude>
    <ClInclude Include="Sources\Utils\JsonWrapper.h">
      <Filter>Utils\Json</Filter>
    </ClInclude>
    <ClInclude Include="Sources\Utils\LoadDataManager.h">
      <Filter>Utils\Json</Filter>
    </ClInclude>
    <ClInclude Include="Sources\Utils\LoadDataID.h">
      <Filter>Utils\Json</Filter>
    </ClInclude>
    <ClInclude Include="Sources\Utils\ILoadDataHolder.h">
      <Filter>Utils\Json</Filter>
    </ClInclude>
    <ClInclude Include="Sources\Utils\LoadDataHolder.h">
      <Filter>Utils\Json</Filter>
    </ClInclude>
    <ClInclude Include="Sources\Game\ResourceLoader.h">
      <Filter>Game\Load</Filter>
    </ClInclude>
    <ClInclude Include="Sources\Game\IParameterLoader.h">
      <Filter>Game\Load</Filter>
    </ClInclude>
    <ClInclude Include="Sources\Game\PlayParameterLoader.h">
      <Filter>Game\Load</Filter>
    </ClInclude>
    <ClInclude Include="Sources\Parameters\CommandParameter.h">
      <Filter>Game\Parameters</Filter>
    </ClInclude>
    <ClInclude Include="Sources\Utils\ILoadData.h">
      <Filter>Utils\Json</Filter>
    </ClInclude>
    <ClInclude Include="Sources\Parameters\AICommandParameter.h">
      <Filter>Game\Parameters</Filter>
    </ClInclude>
    <ClInclude Include="Sources\Parameters\ElementParameter.h">
      <Filter>Game\Parameters</Filter>
    </ClInclude>
    <ClInclude Include="Sources\Game\CommonServices.h">
      <Filter>Game</Filter>
    </ClInclude>
    <ClInclude Include="Sources\Game\TitleScene.h">
      <Filter>Game\Scene</Filter>
    </ClInclude>
    <ClInclude Include="Sources\Game\CharaSelectScene.h">
      <Filter>Game\Scene</Filter>
    </ClInclude>
    <ClInclude Include="Sources\Game\ResultScene.h">
      <Filter>Game\Scene</Filter>
    </ClInclude>
    <ClInclude Include="Sources\Parameters\MagicParameter.h">
      <Filter>Game\Parameters</Filter>
    </ClInclude>
    <ClInclude Include="Sources\Game\MagicID.h">
      <Filter>Game\Object\Magic</Filter>
    </ClInclude>
    <ClInclude Include="Sources\Utils\MouseWrapper.h">
      <Filter>Utils</Filter>
    </ClInclude>
    <ClInclude Include="Sources\Game\EmptyObject.h">
      <Filter>Game\Object</Filter>
    </ClInclude>
    <ClInclude Include="Sources\Utils\Subject.h">
      <Filter>Utils\UI</Filter>
    </ClInclude>
    <ClInclude Include="Sources\Utils\IObserver.h">
      <Filter>Utils\UI</Filter>
    </ClInclude>
    <ClInclude Include="Sources\Utils\ISubject.h">
      <Filter>Utils\UI</Filter>
    </ClInclude>
    <ClInclude Include="Sources\Utils\UIObserver.h">
      <Filter>Utils\UI</Filter>
    </ClInclude>
    <ClInclude Include="Sources\Utils\UIEvent.h">
      <Filter>Utils\UI</Filter>
    </ClInclude>
    <ClInclude Include="Sources\Utils\UISubject.h">
      <Filter>Utils\UI</Filter>
    </ClInclude>
    <ClInclude Include="Sources\Utils\ScaleUpUI.h">
      <Filter>Utils\UI</Filter>
    </ClInclude>
    <ClInclude Include="Sources\Game\CharaSelectMarker.h">
      <Filter>Game\UI</Filter>
    </ClInclude>
    <ClInclude Include="Sources\Game\CharaIcon.h">
      <Filter>Game\UI</Filter>
    </ClInclude>
    <ClInclude Include="Sources\Game\RenderCommand.h">
      <Filter>Game\Command</Filter>
    </ClInclude>
    <ClInclude Include="Sources\Game\UserRenderCommand.h">
      <Filter>Game\Command</Filter>
    </ClInclude>
    <ClInclude Include="Sources\Game\AIRenderCommand.h">
      <Filter>Game\Command</Filter>
    </ClInclude>
    <ClInclude Include="Sources\Game\PauseScene.h">
      <Filter>Game\Scene</Filter>
    </ClInclude>
    <ClInclude Include="Sources\Game\EffectManager.h">
      <Filter>Game\Manager</Filter>
    </ClInclude>
    <ClInclude Include="Sources\Parameters\EffectParameter.h">
      <Filter>Game\Parameters</Filter>
    </ClInclude>
    <ClInclude Include="Sources\Game\EffectFactory.h">
      <Filter>Game\Factory</Filter>
    </ClInclude>
    <ClInclude Include="Sources\Game\EffectEmitter.h">
      <Filter>Game\Object\EffectEmitter</Filter>
    </ClInclude>
    <ClInclude Include="Sources\Game\EffectID.h">
      <Filter>Game\Object\EffectEmitter</Filter>
    </ClInclude>
    <ClInclude Include="Sources\Game\IEffectEmitter.h">
      <Filter>Game\Object\EffectEmitter</Filter>
    </ClInclude>
    <ClInclude Include="Sources\Utils\LamdaUtils.h">
      <Filter>Utils</Filter>
    </ClInclude>
    <ClInclude Include="Sources\Utils\InputLayoutData.h">
      <Filter>Utils\Resource</Filter>
    </ClInclude>
    <ClInclude Include="Sources\Utils\BinFile.h">
      <Filter>Utils\Resource</Filter>
    </ClInclude>
    <ClInclude Include="Sources\Utils\ConstBuffer.h">
      <Filter>Utils\Resource</Filter>
    </ClInclude>
    <ClInclude Include="Sources\Game\IEffect.h">
      <Filter>Game\Object\Effect</Filter>
    </ClInclude>
    <ClInclude Include="Sources\Game\Effect.h">
      <Filter>Game\Object\Effect</Filter>
    </ClInclude>
    <ClInclude Include="Sources\Game\NormalMagicEffect.h">
      <Filter>Game\Object\Effect</Filter>
    </ClInclude>
    <ClInclude Include="Sources\Game\FireMagicEffect.h">
      <Filter>Game\Object\Effect</Filter>
    </ClInclude>
    <ClInclude Include="Sources\Game\NormalMagicEffectEmitter.h">
      <Filter>Game\Object\EffectEmitter</Filter>
    </ClInclude>
    <ClInclude Include="Sources\Game\FireMagicEffectEmitter.h">
      <Filter>Game\Object\EffectEmitter</Filter>
    </ClInclude>
    <ClInclude Include="Sources\Parameters\CharaStatusParameter.h">
      <Filter>Game\Parameters</Filter>
    </ClInclude>
    <ClInclude Include="Sources\Game\PlayerTrailEffectEmitter.h">
      <Filter>Game\Object\EffectEmitter</Filter>
    </ClInclude>
    <ClInclude Include="Sources\Game\PlayerTrailEffect.h">
      <Filter>Game\Object\Effect</Filter>
    </ClInclude>
    <ClInclude Include="Sources\Utils\Color.h">
      <Filter>Utils</Filter>
    </ClInclude>
    <ClInclude Include="Sources\Game\FieldShieldEffectEmitter.h">
      <Filter>Game\Object\EffectEmitter</Filter>
    </ClInclude>
    <ClInclude Include="Sources\Game\FieldShieldEffect.h">
      <Filter>Game\Object\Effect</Filter>
    </ClInclude>
    <ClInclude Include="Sources\Game\PlayerID.h">
      <Filter>Game\Object</Filter>
    </ClInclude>
    <ClInclude Include="Sources\Game\CapsuleCollider.h">
      <Filter>Game\Collision</Filter>
    </ClInclude>
    <ClInclude Include="Sources\Game\MagicInfo.h">
      <Filter>Game\Object\Magic</Filter>
    </ClInclude>
    <ClInclude Include="Sources\Parameters\FieldParameter.h">
      <Filter>Game\Parameters</Filter>
    </ClInclude>
    <ClInclude Include="Sources\Game\FieldData.h">
      <Filter>Game\Field</Filter>
    </ClInclude>
    <ClInclude Include="Sources\Utils\FuzzyUtils.h">
      <Filter>Utils</Filter>
    </ClInclude>
  </ItemGroup>
  <ItemGroup>
    <MeshContentTask Include="Assets\Models\Protected\bloom.FBX">
      <Filter>Assets</Filter>
    </MeshContentTask>
    <MeshContentTask Include="Assets\Models\Protected\skydome.FBX">
      <Filter>Assets</Filter>
    </MeshContentTask>
    <MeshContentTask Include="Assets\Models\Protected\skydome_space.FBX">
      <Filter>Assets</Filter>
    </MeshContentTask>
  </ItemGroup>
  <ItemGroup>
    <None Include="Resources\Jsons\ai_command.json">
      <Filter>Assets\Jsons</Filter>
    </None>
    <None Include="Resources\Jsons\player_command.json">
      <Filter>Assets\Jsons</Filter>
    </None>
    <None Include="Resources\Jsons\element.json">
      <Filter>Assets\Jsons</Filter>
    </None>
    <None Include="Resources\Jsons\magic.json">
      <Filter>Assets\Jsons</Filter>
    </None>
    <None Include="Resources\Jsons\effect.json">
      <Filter>Assets\Jsons</Filter>
    </None>
    <None Include="..\..\..\3Dエフェクト\第24講\TestProject%28Manager%29\Test\Default.hlsli">
      <Filter>Assets\Shader</Filter>
    </None>
    <None Include="Resources\Jsons\chara_status.json">
      <Filter>Assets\Jsons</Filter>
    </None>
    <None Include="Resources\Jsons\field.json">
      <Filter>Assets\Jsons</Filter>
    </None>
  </ItemGroup>
  <ItemGroup>
    <FxCompile Include="..\..\..\3Dエフェクト\第24講\TestProject%28Manager%29\Test\DefaultVS.hlsl">
      <Filter>Assets\Shader</Filter>
    </FxCompile>
    <FxCompile Include="..\..\..\3Dエフェクト\第24講\TestProject%28Manager%29\Test\BillboardGS.hlsl">
      <Filter>Assets\Shader</Filter>
    </FxCompile>
    <FxCompile Include="..\..\..\3Dエフェクト\第24講\TestProject%28Manager%29\Test\DefaultPS.hlsl">
      <Filter>Assets\Shader</Filter>
    </FxCompile>
  </ItemGroup>
</Project>